
Microsoft Visual Studio Solution File, Format Version 12.00
# Visual Studio Version 17
VisualStudioVersion = 17.13.35931.197 d17.13
MinimumVisualStudioVersion = 10.0.40219.1
Project("{8BC9CEB8-8B4A-11D0-8D11-00A0C91BC942}") = "RustExternal", "ExternalCs2.vcxproj", "{78D783BF-C312-418A-998E-1ECC129FD362}"
EndProject
Global
	GlobalSection(SolutionConfigurationPlatforms) = preSolution
		Debug|x64 = Debug|x64
		Debug|x86 = Debug|x86
		Release|x64 = Release|x64
		Release|x86 = Release|x86
	EndGlobalSection
	GlobalSection(ProjectConfigurationPlatforms) = postSolution
		{78D783BF-C312-418A-998E-1ECC129FD362}.Debug|x64.ActiveCfg = Debug|x64
		{78D783BF-C312-418A-998E-1ECC129FD362}.Debug|x64.Build.0 = Debug|x64
		{78D783BF-C312-418A-998E-1ECC129FD362}.Debug|x86.ActiveCfg = Debug|Win32
		{78D783BF-C312-418A-998E-1ECC129FD362}.Debug|x86.Build.0 = Debug|Win32
		{78D783BF-C312-418A-998E-1ECC129FD362}.Release|x64.ActiveCfg = Release|x64
		{78D783BF-C312-418A-998E-1ECC129FD362}.Release|x64.Build.0 = Release|x64
		{78D783BF-C312-418A-998E-1ECC129FD362}.Release|x86.ActiveCfg = Release|Win32
		{78D783BF-C312-418A-998E-1ECC129FD362}.Release|x86.Build.0 = Release|Win32
	EndGlobalSection
	GlobalSection(SolutionProperties) = preSolution
		HideSolutionNode = FALSE
	EndGlobalSection
	GlobalSection(ExtensibilityGlobals) = postSolution
		SolutionGuid = {109EF152-E339-4A39-B758-F85DFF797BC2}
	EndGlobalSection
EndGlobal
